{
  "name": "aci-create-action",
  "version": "0.0.1",
  "lockfileVersion": 1,
  "requires": true,
  "dependencies": {
    "@actions/core": {
      "version": "1.2.1",
      "resolved": "https://registry.npmjs.org/@actions/core/-/core-1.2.1.tgz",
      "integrity": "sha512-xD+CQd9p4lU7ZfRqmUcbJpqR+Ss51rJRVeXMyOLrZQImN9/8Sy/BEUBnHO/UKD3z03R686PVTLfEPmkropGuLw=="
    },
    "@actions/exec": {
      "version": "1.0.3",
      "resolved": "https://registry.npmjs.org/@actions/exec/-/exec-1.0.3.tgz",
      "integrity": "sha512-TogJGnueOmM7ntCi0ASTUj4LapRRtDfj57Ja4IhPmg2fls28uVOPbAn8N+JifaOumN2UG3oEO/Ixek2A4NcYSA==",
      "requires": {
        "@actions/io": "^1.0.1"
      }
    },
    "@actions/io": {
      "version": "1.0.2",
      "resolved": "https://registry.npmjs.org/@actions/io/-/io-1.0.2.tgz",
      "integrity": "sha512-J8KuFqVPr3p6U8W93DOXlXW6zFvrQAJANdS+vw0YhusLIq+bszW8zmK2Fh1C2kDPX8FMvwIl1OUcFgvJoXLbAg=="
    },
    "@azure/arm-containerinstance": {
      "version": "5.4.0",
      "resolved": "https://registry.npmjs.org/@azure/arm-containerinstance/-/arm-containerinstance-5.4.0.tgz",
      "integrity": "sha512-V3QoU8yhtajrKwTTgtyRtzoO2eLg6Dx7G3wrtxBdSVU++K+CpwNtYpCAqATg/1NKtL3VqETpVWineigAtz0FOA==",
      "requires": {
        "@azure/ms-rest-azure-js": "^1.1.0",
        "@azure/ms-rest-js": "^1.1.0",
        "tslib": "^1.9.3"
      }
    },
    "@azure/ms-rest-azure-js": {
      "version": "1.3.8",
      "resolved": "https://registry.npmjs.org/@azure/ms-rest-azure-js/-/ms-rest-azure-js-1.3.8.tgz",
      "integrity": "sha512-AHLfDTCyIH6wBK6+CpImI6sc9mLZ17ZgUrTx3Rhwv+3Mb3Z73BxormkarfR6Stb6scrBYitxJ27FXyndXlGAYg==",
      "requires": {
        "@azure/ms-rest-js": "^1.8.10",
        "tslib": "^1.9.3"
      }
    },
    "@azure/ms-rest-js": {
      "version": "1.8.14",
      "resolved": "https://registry.npmjs.org/@azure/ms-rest-js/-/ms-rest-js-1.8.14.tgz",
      "integrity": "sha512-IrCPN22c8RbKWA06ZXuFwwEb15cSnr0zZ6J8Fspp9ns1SSNTERf7hv+gWvTIis1FlwHy42Mfk8hVu0/r3a0AWA==",
      "requires": {
        "@types/tunnel": "0.0.0",
        "axios": "^0.19.0",
        "form-data": "^2.3.2",
        "tough-cookie": "^2.4.3",
        "tslib": "^1.9.2",
        "tunnel": "0.0.6",
        "uuid": "^3.2.1",
        "xml2js": "^0.4.19"
      }
    },
    "@types/node": {
      "version": "13.9.1",
      "resolved": "https://registry.npmjs.org/@types/node/-/node-13.9.1.tgz",
      "integrity": "sha512-E6M6N0blf/jiZx8Q3nb0vNaswQeEyn0XlupO+xN6DtJ6r6IT4nXrTry7zhIfYvFCl3/8Cu6WIysmUBKiqV0bqQ=="
    },
    "@types/q": {
      "version": "1.5.2",
      "resolved": "https://registry.npmjs.org/@types/q/-/q-1.5.2.tgz",
      "integrity": "sha512-ce5d3q03Ex0sy4R14722Rmt6MT07Ua+k4FwDfdcToYJcMKNtRVQvJ6JCAPdAmAnbRb6CsX6aYb9m96NGod9uTw=="
    },
    "@types/tunnel": {
      "version": "0.0.0",
      "resolved": "https://registry.npmjs.org/@types/tunnel/-/tunnel-0.0.0.tgz",
      "integrity": "sha512-FGDp0iBRiBdPjOgjJmn1NH0KDLN+Z8fRmo+9J7XGBhubq1DPrGrbmG4UTlGzrpbCpesMqD0sWkzi27EYkOMHyg==",
      "requires": {
        "@types/node": "*"
      }
    },
    "asynckit": {
      "version": "0.4.0",
      "resolved": "https://registry.npmjs.org/asynckit/-/asynckit-0.4.0.tgz",
      "integrity": "sha1-x57Zf380y48robyXkLzDZkdLS3k="
    },
    "axios": {
      "version": "0.19.2",
      "resolved": "https://registry.npmjs.org/axios/-/axios-0.19.2.tgz",
      "integrity": "sha512-fjgm5MvRHLhx+osE2xoekY70AhARk3a6hkN+3Io1jc00jtquGvxYlKlsFUhmUET0V5te6CcZI7lcv2Ym61mjHA==",
      "requires": {
        "follow-redirects": "1.5.10"
      }
    },
    "azure-actions-webclient": {
      "version": "1.0.8",
      "resolved": "https://registry.npmjs.org/azure-actions-webclient/-/azure-actions-webclient-1.0.8.tgz",
      "integrity": "sha512-s7BCxAymfePfF7+7E8BoCwWuAmfiTo5IEM7l1gtsgeSwPHqgGn9yV0iIx7wxt6OszBjXJCD3I3LUIxybBEj44w==",
      "requires": {
        "@actions/core": "^1.1.3",
        "@actions/exec": "^1.0.1",
        "@actions/io": "^1.0.1",
        "@types/node": "^12.7.8",
        "fs": "0.0.1-security",
        "q": "^1.5.1",
        "querystring": "^0.2.0",
        "typed-rest-client": "^1.5.0",
        "util": "^0.12.1"
      },
      "dependencies": {
        "@types/node": {
          "version": "12.12.30",
          "resolved": "https://registry.npmjs.org/@types/node/-/node-12.12.30.tgz",
          "integrity": "sha512-sz9MF/zk6qVr3pAnM0BSQvYIBK44tS75QC5N+VbWSE4DjCV/pJ+UzCW/F+vVnl7TkOPcuwQureKNtSSwjBTaMg=="
        }
      }
    },
    "combined-stream": {
      "version": "1.0.8",
      "resolved": "https://registry.npmjs.org/combined-stream/-/combined-stream-1.0.8.tgz",
      "integrity": "sha512-FQN4MRfuJeHf7cBbBMJFXhKSDq+2kAArBlmRBvcvFE5BB1HZKXtSFASDhdlz9zOYwxh8lDdnvmMOe/+5cdoEdg==",
      "requires": {
        "delayed-stream": "~1.0.0"
      }
    },
    "debug": {
      "version": "3.1.0",
      "resolved": "https://registry.npmjs.org/debug/-/debug-3.1.0.tgz",
      "integrity": "sha512-OX8XqP7/1a9cqkxYw2yXss15f26NKWBpDXQd0/uK/KPqdQhxbPa994hnzjcE2VqQpDslf55723cKPUOGSmMY3g==",
      "requires": {
        "ms": "2.0.0"
      }
    },
    "delayed-stream": {
      "version": "1.0.0",
      "resolved": "https://registry.npmjs.org/delayed-stream/-/delayed-stream-1.0.0.tgz",
      "integrity": "sha1-3zrhmayt+31ECqrgsp4icrJOxhk="
    },
    "follow-redirects": {
      "version": "1.5.10",
      "resolved": "https://registry.npmjs.org/follow-redirects/-/follow-redirects-1.5.10.tgz",
      "integrity": "sha512-0V5l4Cizzvqt5D44aTXbFZz+FtyXV1vrDN6qrelxtfYQKW0KO0W2T/hkE8xvGa/540LkZlkaUjO4ailYTFtHVQ==",
      "requires": {
        "debug": "=3.1.0"
      }
    },
    "form-data": {
      "version": "2.5.1",
      "resolved": "https://registry.npmjs.org/form-data/-/form-data-2.5.1.tgz",
      "integrity": "sha512-m21N3WOmEEURgk6B9GLOE4RuWOFf28Lhh9qGYeNlGq4VDXUlJy2th2slBNU8Gp8EzloYZOibZJ7t5ecIrFSjVA==",
      "requires": {
        "asynckit": "^0.4.0",
        "combined-stream": "^1.0.6",
        "mime-types": "^2.1.12"
      }
    },
    "fs": {
      "version": "0.0.1-security",
      "resolved": "https://registry.npmjs.org/fs/-/fs-0.0.1-security.tgz",
      "integrity": "sha1-invTcYa23d84E/I4WLV+yq9eQdQ="
    },
    "inherits": {
      "version": "2.0.4",
      "resolved": "https://registry.npmjs.org/inherits/-/inherits-2.0.4.tgz",
      "integrity": "sha512-k/vGaX4/Yla3WzyMCvTQOXYeIHvqOKtnqBduzTHpzpQZzAskKMhZ2K+EnBiSM9zGSoIFeMpXKxa4dYeZIQqewQ=="
    },
    "is-arguments": {
      "version": "1.0.4",
      "resolved": "https://registry.npmjs.org/is-arguments/-/is-arguments-1.0.4.tgz",
      "integrity": "sha512-xPh0Rmt8NE65sNzvyUmWgI1tz3mKq74lGA0mL8LYZcoIzKOzDh6HmrYm3d18k60nHerC8A9Km8kYu87zfSFnLA=="
    },
    "is-generator-function": {
      "version": "1.0.7",
      "resolved": "https://registry.npmjs.org/is-generator-function/-/is-generator-function-1.0.7.tgz",
      "integrity": "sha512-YZc5EwyO4f2kWCax7oegfuSr9mFz1ZvieNYBEjmukLxgXfBUbxAWGVF7GZf0zidYtoBl3WvC07YK0wT76a+Rtw=="
    },
    "mime-db": {
      "version": "1.43.0",
      "resolved": "https://registry.npmjs.org/mime-db/-/mime-db-1.43.0.tgz",
      "integrity": "sha512-+5dsGEEovYbT8UY9yD7eE4XTc4UwJ1jBYlgaQQF38ENsKR3wj/8q8RFZrF9WIZpB2V1ArTVFUva8sAul1NzRzQ=="
    },
    "mime-types": {
      "version": "2.1.26",
      "resolved": "https://registry.npmjs.org/mime-types/-/mime-types-2.1.26.tgz",
      "integrity": "sha512-01paPWYgLrkqAyrlDorC1uDwl2p3qZT7yl806vW7DvDoxwXi46jsjFbg+WdwotBIk6/MbEhO/dh5aZ5sNj/dWQ==",
      "requires": {
        "mime-db": "1.43.0"
      }
    },
    "ms": {
      "version": "2.0.0",
      "resolved": "https://registry.npmjs.org/ms/-/ms-2.0.0.tgz",
      "integrity": "sha1-VgiurfwAvmwpAd9fmGF4jeDVl8g="
    },
    "psl": {
      "version": "1.7.0",
      "resolved": "https://registry.npmjs.org/psl/-/psl-1.7.0.tgz",
      "integrity": "sha512-5NsSEDv8zY70ScRnOTn7bK7eanl2MvFrOrS/R6x+dBt5g1ghnj9Zv90kO8GwT8gxcu2ANyFprnFYB85IogIJOQ=="
    },
    "punycode": {
      "version": "2.1.1",
      "resolved": "https://registry.npmjs.org/punycode/-/punycode-2.1.1.tgz",
      "integrity": "sha512-XRsRjdf+j5ml+y/6GKHPZbrF/8p2Yga0JPtdqTIY2Xe5ohJPD9saDJJLPvp9+NSBprVvevdXZybnj2cv8OEd0A=="
    },
    "q": {
      "version": "1.5.1",
      "resolved": "https://registry.npmjs.org/q/-/q-1.5.1.tgz",
      "integrity": "sha1-fjL3W0E4EpHQRhHxvxQQmsAGUdc="
    },
    "qs": {
      "version": "6.9.1",
      "resolved": "https://registry.npmjs.org/qs/-/qs-6.9.1.tgz",
      "integrity": "sha512-Cxm7/SS/y/Z3MHWSxXb8lIFqgqBowP5JMlTUFyJN88y0SGQhVmZnqFK/PeuMX9LzUyWsqqhNxIyg0jlzq946yA=="
    },
    "querystring": {
      "version": "0.2.0",
      "resolved": "https://registry.npmjs.org/querystring/-/querystring-0.2.0.tgz",
      "integrity": "sha1-sgmEkgO7Jd+CDadW50cAWHhSFiA="
    },
    "safe-buffer": {
      "version": "5.2.0",
      "resolved": "https://registry.npmjs.org/safe-buffer/-/safe-buffer-5.2.0.tgz",
      "integrity": "sha512-fZEwUGbVl7kouZs1jCdMLdt95hdIv0ZeHg6L7qPeciMZhZ+/gdesW4wgTARkrFWEpspjEATAzUGPG8N2jJiwbg=="
    },
    "sax": {
      "version": "1.2.4",
      "resolved": "https://registry.npmjs.org/sax/-/sax-1.2.4.tgz",
      "integrity": "sha512-NqVDv9TpANUjFm0N8uM5GxL36UgKi9/atZw+x7YFnQ8ckwFGKrl4xX4yWtrey3UJm5nP1kUbnYgLopqWNSRhWw=="
    },
    "tough-cookie": {
      "version": "2.5.0",
      "resolved": "https://registry.npmjs.org/tough-cookie/-/tough-cookie-2.5.0.tgz",
      "integrity": "sha512-nlLsUzgm1kfLXSXfRZMc1KLAugd4hqJHDTvc2hDIwS3mZAfMEuMbc03SujMF+GEcpaX/qboeycw6iO8JwVv2+g==",
      "requires": {
        "psl": "^1.1.28",
        "punycode": "^2.1.1"
      }
    },
    "tslib": {
      "version": "1.11.1",
      "resolved": "https://registry.npmjs.org/tslib/-/tslib-1.11.1.tgz",
      "integrity": "sha512-aZW88SY8kQbU7gpV19lN24LtXh/yD4ZZg6qieAJDDg+YBsJcSmLGK9QpnUjAKVG/xefmvJGd1WUmfpT/g6AJGA=="
    },
    "tunnel": {
      "version": "0.0.6",
      "resolved": "https://registry.npmjs.org/tunnel/-/tunnel-0.0.6.tgz",
      "integrity": "sha512-1h/Lnq9yajKY2PEbBadPXj3VxsDDu844OnaAo52UVmIzIvwwtBPIuNvkjuzBlTWpfJyUbG3ez0KSBibQkj4ojg=="
    },
    "typed-rest-client": {
      "version": "1.7.2",
      "resolved": "https://registry.npmjs.org/typed-rest-client/-/typed-rest-client-1.7.2.tgz",
      "integrity": "sha512-6ENgPdTH7s2Xcd6mBaahyMLBoXPi0LNe75E1T0RFOdhqN9ENpZmf3P5iloOlJUDaHYrucPPzMrBybr6BdS2URg==",
      "requires": {
        "qs": "^6.9.1",
        "tunnel": "0.0.6",
        "underscore": "1.8.3"
      }
    },
    "typescript": {
      "version": "3.8.3",
      "resolved": "https://registry.npmjs.org/typescript/-/typescript-3.8.3.tgz",
      "integrity": "sha512-MYlEfn5VrLNsgudQTVJeNaQFUAI7DkhnOjdpAp4T+ku1TfQClewlbSuTVHiA+8skNBgaf02TL/kLOvig4y3G8w==",
      "dev": true
    },
    "underscore": {
      "version": "1.8.3",
      "resolved": "https://registry.npmjs.org/underscore/-/underscore-1.8.3.tgz",
      "integrity": "sha1-Tz+1OxBuYJf8+ctBCfKl6b36UCI="
    },
    "util": {
      "version": "0.12.2",
      "resolved": "https://registry.npmjs.org/util/-/util-0.12.2.tgz",
      "integrity": "sha512-XE+MkWQvglYa+IOfBt5UFG93EmncEMP23UqpgDvVZVFBPxwmkK10QRp6pgU4xICPnWRf/t0zPv4noYSUq9gqUQ==",
      "requires": {
        "inherits": "^2.0.3",
        "is-arguments": "^1.0.4",
        "is-generator-function": "^1.0.7",
        "safe-buffer": "^5.1.2"
      }
    },
    "uuid": {
      "version": "3.4.0",
      "resolved": "https://registry.npmjs.org/uuid/-/uuid-3.4.0.tgz",
      "integrity": "sha512-HjSDRw6gZE5JMggctHBcjVak08+KEVhSIiDzFnT9S9aegmp85S/bReBVTb4QTFaRNptJ9kuYaNhnbNEOkbKb/A=="
    },
    "xml2js": {
      "version": "0.4.23",
      "resolved": "https://registry.npmjs.org/xml2js/-/xml2js-0.4.23.tgz",
      "integrity": "sha512-ySPiMjM0+pLDftHgXY4By0uswI3SPKLDw/i3UXbnO8M/p28zqexCUoPmQFrYD+/1BzhGJSs2i1ERWKJAtiLrug==",
      "requires": {
        "sax": ">=0.6.0",
        "xmlbuilder": "~11.0.0"
      }
    },
    "xmlbuilder": {
      "version": "11.0.1",
      "resolved": "https://registry.npmjs.org/xmlbuilder/-/xmlbuilder-11.0.1.tgz",
      "integrity": "sha512-fDlsI/kFEx7gLvbecc0/ohLG50fugQp8ryHzMTuW9vSa1GJ0XYWKnhsUx7oie3G98+r56aTQIUB4kht42R3JvA=="
    }
  }
}
